
Microsoft Visual Studio Solution File, Format Version 12.00
# Visual Studio Version 16
VisualStudioVersion = 16.0.31321.278
MinimumVisualStudioVersion = 10.0.40219.1
Project("{FAE04EC0-301F-11D3-BF4B-00C04F79EFBC}") = "StratosPattasAssesment", "StratosPattasAssesment\StratosPattasAssesment.csproj", "{683B1F94-ADE5-43E7-9B05-E809C08366A8}"
EndProject
Global
	GlobalSection(SolutionConfigurationPlatforms) = preSolution
		Debug|Any CPU = Debug|Any CPU
		Release|Any CPU = Release|Any CPU
	EndGlobalSection
	GlobalSection(ProjectConfigurationPlatforms) = postSolution
		{683B1F94-ADE5-43E7-9B05-E809C08366A8}.Debug|Any CPU.ActiveCfg = Debug|Any CPU
		{683B1F94-ADE5-43E7-9B05-E809C08366A8}.Debug|Any CPU.Build.0 = Debug|Any CPU
		{683B1F94-ADE5-43E7-9B05-E809C08366A8}.Release|Any CPU.ActiveCfg = Release|Any CPU
		{683B1F94-ADE5-43E7-9B05-E809C08366A8}.Release|Any CPU.Build.0 = Release|Any CPU
	EndGlobalSection
	GlobalSection(SolutionProperties) = preSolution
		HideSolutionNode = FALSE
	EndGlobalSection
	GlobalSection(ExtensibilityGlobals) = postSolution
		SolutionGuid = {A12F1C2D-D095-4EAF-B46A-27993A30757F}
	EndGlobalSection
EndGlobal
